# THIS IS AN AUTOGENERATED FILE. DO NOT EDIT THIS FILE DIRECTLY.
# yarn lockfile v1


"@types/lodash@^4.14.62":
  version "4.14.62"
  resolved "https://registry.npmjs.org/@types/lodash/-/lodash-4.14.62.tgz#8674f9861582148a60b7a89cb260f11378d11683"

"@types/node@^7.0.12":
  version "7.0.12"
  resolved "https://registry.npmjs.org/@types/node/-/node-7.0.12.tgz#ae5f67a19c15f752148004db07cbbb372e69efc9"

arrify@^1.0.1:
  version "1.0.1"
  resolved "https://registry.npmjs.org/arrify/-/arrify-1.0.1.tgz#898508da2226f380df904728456849c1501a4b0d"

lodash@^4.17.4:
  version "4.17.4"
  resolved "https://registry.npmjs.org/lodash/-/lodash-4.17.4.tgz#78203a4d1c328ae1d86dca6460e369b57f4055ae"

perplex@^0.7.1:
  version "0.7.1"
  resolved "https://registry.npmjs.org/perplex/-/perplex-0.7.1.tgz#8bb6cd83a075c6751b963274516f72a16455d5a0"

pratt@^0.1.4:
  version "0.1.4"
  resolved "https://registry.npmjs.org/pratt/-/pratt-0.1.4.tgz#fb66553168ab650628a71884e4f8aec853519e25"

thunk-to-promise@^1.0.1:
  version "1.0.1"
  resolved "https://registry.npmjs.org/thunk-to-promise/-/thunk-to-promise-1.0.1.tgz#c9bb907e91c3ee9738692fde7965915d1b2b3e56"

typescript@^2.2.2:
  version "2.2.2"
  resolved "https://registry.npmjs.org/typescript/-/typescript-2.2.2.tgz#606022508479b55ffa368b58fee963a03dfd7b0c"
